
Microsoft Visual Studio Solution File, Format Version 12.00
# Visual Studio Version 17
VisualStudioVersion = 17.13.36105.23 d17.13
MinimumVisualStudioVersion = 10.0.40219.1
Project("{FAE04EC0-301F-11D3-BF4B-00C04F79EFBC}") = "SkydioInterfaceConsoleApp", "SkydioInterfaceConsoleApp\SkydioInterfaceConsoleApp.csproj", "{240FF8E9-F960-46D0-B8B9-2545BB502B0D}"
EndProject
Global
	GlobalSection(SolutionConfigurationPlatforms) = preSolution
		Debug|Any CPU = Debug|Any CPU
		Release|Any CPU = Release|Any CPU
	EndGlobalSection
	GlobalSection(ProjectConfigurationPlatforms) = postSolution
		{240FF8E9-F960-46D0-B8B9-2545BB502B0D}.Debug|Any CPU.ActiveCfg = Debug|Any CPU
		{240FF8E9-F960-46D0-B8B9-2545BB502B0D}.Debug|Any CPU.Build.0 = Debug|Any CPU
		{240FF8E9-F960-46D0-B8B9-2545BB502B0D}.Release|Any CPU.ActiveCfg = Release|Any CPU
		{240FF8E9-F960-46D0-B8B9-2545BB502B0D}.Release|Any CPU.Build.0 = Release|Any CPU
	EndGlobalSection
	GlobalSection(SolutionProperties) = preSolution
		HideSolutionNode = FALSE
	EndGlobalSection
	GlobalSection(ExtensibilityGlobals) = postSolution
		SolutionGuid = {2955429D-5D40-461F-BD65-FB831F30F9B1}
	EndGlobalSection
EndGlobal
